schema: '2.0'
stages:
  data_ingestion:
    cmd: python src/data/data_ingestion.py
    deps:
    - path: src/data/data_ingestion.py
      hash: md5
      md5: a090ded22e69258d99dae09c6fccfb81
      size: 3399
    params:
      params.yaml:
        data_ingestion.test_size: 0.2
    outs:
    - path: data/raw
      hash: md5
      md5: 2f8d02da7bc67c260d9fa8241962149c.dir
      size: 649243
      nfiles: 2
  data_preprocessing:
    cmd: python src/data/data_preprocessing.py
    deps:
    - path: data/raw
      hash: md5
      md5: 2f8d02da7bc67c260d9fa8241962149c.dir
      size: 649243
      nfiles: 2
    - path: src/data/data_preprocessing.py
      hash: md5
      md5: a07ec1df23f7ed9950bfbfccdaf048b8
      size: 2893
    outs:
    - path: data/interim
      hash: md5
      md5: 30a1ad7a56eedcdd441510517fdd2430.dir
      size: 401269
      nfiles: 2
  feature_engineering:
    cmd: python src/features/feature_engineering.py
    deps:
    - path: data/interim
      hash: md5
      md5: 30a1ad7a56eedcdd441510517fdd2430.dir
      size: 401269
      nfiles: 2
    - path: src/features/feature_engineering.py
      hash: md5
      md5: 107db3bd95b4569e3dae80abeb02104e
      size: 3334
    params:
      params.yaml:
        feature_engineering.max_features: 101
    outs:
    - path: data/processed
      hash: md5
      md5: 5b9ce1f1b00a5d3d73003573ecba55ed.dir
      size: 103191
      nfiles: 2
    - path: models/vectorizer.pkl
      hash: md5
      md5: 9cc68d8ed695329ae0e9d47df010dad5
      size: 2830
  model_building:
    cmd: python src/model/model_building.py
    deps:
    - path: data/processed
      hash: md5
      md5: 5b9ce1f1b00a5d3d73003573ecba55ed.dir
      size: 103191
      nfiles: 2
    - path: src/model/model_building.py
      hash: md5
      md5: 8604d65a07f7888b962680f787581e14
      size: 3611
    outs:
    - path: models/model.pkl
      hash: md5
      md5: 08c47e74b79e317063007093d742bed8
      size: 1522
  model_evaluation:
    cmd: python src/model/model_evaluation.py
    deps:
    - path: models/model.pkl
      hash: md5
      md5: 08c47e74b79e317063007093d742bed8
      size: 1522
    - path: src/model/model_evaluation.py
      hash: md5
      md5: a052a5c772bb624ae4e7e805bbe5abe6
      size: 5366
    outs:
    - path: reports/experiment_info.json
      hash: md5
      md5: 8fd1e1d535f23e9ec6808000eddb1bb6
      size: 82
    - path: reports/metrics.json
      hash: md5
      md5: 9627d8439b76d48f458b69c86fcfc660
      size: 116
  model_registration:
    cmd: python src/model/register_model.py
    deps:
    - path: reports/experiment_info.json
      hash: md5
      md5: 8fd1e1d535f23e9ec6808000eddb1bb6
      size: 82
    - path: src/model/register_model.py
      hash: md5
      md5: 74270879ff695137fa98c143c0a5f7c8
      size: 3009
